
Microsoft Visual Studio Solution File, Format Version 12.00
# Visual Studio Version 17
VisualStudioVersion = 17.14.36908.2
MinimumVisualStudioVersion = 10.0.40219.1
Project("{8BC9CEB8-8B4A-11D0-8D11-00A0C91BC942}") = "整数输入后换行残留导致 getchar 读取的问题演示", "ConsoleApplication1\ConsoleApplication1.vcxproj", "{B88C62B1-D2D5-4F03-95C5-8B51D5A0BF83}"
EndProject
Project("{8BC9CEB8-8B4A-11D0-8D11-00A0C91BC942}") = "Template1", "Template1\Template1.vcxproj", "{951DCB47-91E6-41F2-B8AD-A2A39B78BCC2}"
EndProject
Project("{2150E333-8FDC-42A3-9474-1A3956D46DE8}") = "assignment", "assignment", "{02EA681E-C7D8-13C7-8484-4AC65E1B71E8}"
EndProject
Project("{2150E333-8FDC-42A3-9474-1A3956D46DE8}") = "0119_assignment", "0119_assignment", "{DE1C4D1D-B637-4DA5-9CC6-A7C62BAAA8B6}"
EndProject
Project("{8BC9CEB8-8B4A-11D0-8D11-00A0C91BC942}") = "001_1_avg_score", "1.1\1.1.vcxproj", "{4398C363-6532-4434-B000-10D3D8DD2FF3}"
EndProject
Project("{8BC9CEB8-8B4A-11D0-8D11-00A0C91BC942}") = "001_2_percent_convert", "01_2\01_2.vcxproj", "{7F06A666-5C77-4CC5-B7A3-4CAA0DADA921}"
EndProject
Project("{8BC9CEB8-8B4A-11D0-8D11-00A0C91BC942}") = "002_count_digits_letters", "02\02.vcxproj", "{74E55A1B-7D56-4DED-BBFB-BBE19919C42B}"
EndProject
Project("{8BC9CEB8-8B4A-11D0-8D11-00A0C91BC942}") = "003_bit_ops_suite", "03\03.vcxproj", "{479327AA-8E30-44F4-AA2D-FE822BFE1E69}"
EndProject
Project("{8BC9CEB8-8B4A-11D0-8D11-00A0C91BC942}") = "003_5_single_number_xor", "03_5\03_5.vcxproj", "{9027E018-9DAA-40B9-922D-FC872C820213}"
EndProject
Project("{8BC9CEB8-8B4A-11D0-8D11-00A0C91BC942}") = "003_6_two_unique_xor!!!", "03_6\03_6.vcxproj", "{006CB106-D2F0-41D6-ACC8-A7BB7B69B5F5}"
EndProject
Project("{2150E333-8FDC-42A3-9474-1A3956D46DE8}") = "课堂练习", "课堂练习", "{60152AF3-816D-4BBD-B4E0-3D348F956EDD}"
EndProject
Project("{8BC9CEB8-8B4A-11D0-8D11-00A0C91BC942}") = "01_随机发牌", "01_随机发牌\01_随机发牌.vcxproj", "{5667A242-B1EA-4E2B-815E-B62083C772EA}"
EndProject
Project("{8BC9CEB8-8B4A-11D0-8D11-00A0C91BC942}") = "003_4_xor_swap", "03_4\03_4.vcxproj", "{658DFC31-F055-40B0-8832-DE7ED24AC32B}"
EndProject
Project("{2150E333-8FDC-42A3-9474-1A3956D46DE8}") = "0122_assignment", "0122_assignment", "{DC66AD50-63DE-45CC-AFE2-612A9B7D0C9B}"
EndProject
Project("{8BC9CEB8-8B4A-11D0-8D11-00A0C91BC942}") = "004_grade_switch", "04\04.vcxproj", "{897B2711-CC0B-4C76-8CDC-66F85862BD24}"
EndProject
Project("{2150E333-8FDC-42A3-9474-1A3956D46DE8}") = "day_004", "day_004", "{10854BC3-463C-45BF-83AB-A52CE8210EC3}"
EndProject
Project("{2150E333-8FDC-42A3-9474-1A3956D46DE8}") = "day_005", "day_005", "{D87CA721-877A-4FA0-908E-A06201A6FC9F}"
EndProject
Project("{8BC9CEB8-8B4A-11D0-8D11-00A0C91BC942}") = "01_F10与F11的区别", "01_F10与F11的区别\01_F10与F11的区别.vcxproj", "{D1E1DCD8-C19D-4659-B9D8-F8B03B355E49}"
EndProject
Project("{8BC9CEB8-8B4A-11D0-8D11-00A0C91BC942}") = "02_数组的读写操作", "02_数组的读写操作\02_数组的读写操作.vcxproj", "{FF076310-3961-45C0-8678-4B41DE10FCF4}"
EndProject
Project("{8BC9CEB8-8B4A-11D0-8D11-00A0C91BC942}") = "03_二维数组的输入", "03_二维数组的输入\03_二维数组的输入.vcxproj", "{7B12FA5D-AAA3-495A-BE85-353C7AE31C19}"
EndProject
Project("{8BC9CEB8-8B4A-11D0-8D11-00A0C91BC942}") = "04_简单的函数定义和调用", "C_Template1\C_Template1.vcxproj", "{39B6D541-A578-45D1-BE71-163A6A2B9544}"
EndProject
Project("{8BC9CEB8-8B4A-11D0-8D11-00A0C91BC942}") = "05_用海伦公式求解三角形面积!!!", "C_Template2\C_Template2.vcxproj", "{B427E190-42D8-4FAD-BCD0-B2385528D278}"
EndProject
Project("{8BC9CEB8-8B4A-11D0-8D11-00A0C91BC942}") = "07_函数生命周期", "C_Template3\C_Template3.vcxproj", "{61922A51-536A-4B84-9F3F-5AD16B9E8BEA}"
EndProject
Project("{8BC9CEB8-8B4A-11D0-8D11-00A0C91BC942}") = "06_局部变量!!!", "06_局部变量!!!\06_局部变量!!!.vcxproj", "{409E2AAA-5B4B-45B8-99BF-2F6609765098}"
EndProject
Project("{8BC9CEB8-8B4A-11D0-8D11-00A0C91BC942}") = "08_全局变量被局部变量遮蔽（同名覆盖）", "08_全局变量被局部变量遮蔽（同名覆盖）\08_全局变量被局部变量遮蔽（同名覆盖）.vcxproj", "{9A074C42-541F-473A-9A91-7E520E4D03BF}"
EndProject
Project("{8BC9CEB8-8B4A-11D0-8D11-00A0C91BC942}") = "09_静态局部变量", "09_静态局部变量\09_静态局部变量.vcxproj", "{A4534D8C-8F1F-43A8-A5EB-E1B4BDC59D45}"
EndProject
Project("{8BC9CEB8-8B4A-11D0-8D11-00A0C91BC942}") = "10_指针简单示例", "10_指针简单示例\10_指针简单示例.vcxproj", "{8D071AEE-C390-432F-A879-DDB6FCF44AB3}"
EndProject
Project("{8BC9CEB8-8B4A-11D0-8D11-00A0C91BC942}") = "10_指针作为函数的返回值", "10_指针作为函数的返回值\10_指针作为函数的返回值.vcxproj", "{0168D6FC-6A48-4FBC-BCC1-69F3F2ABC28E}"
EndProject
Project("{2150E333-8FDC-42A3-9474-1A3956D46DE8}") = "0123_assignment", "0123_assignment", "{708309E2-06CB-437E-9938-71D97DDCD2C3}"
EndProject
Project("{8BC9CEB8-8B4A-11D0-8D11-00A0C91BC942}") = "01_用海伦公式计算三角形面积", "01\01.vcxproj", "{2B71ABDA-17A3-44EC-8794-E9259EB1FF4C}"
EndProject
Project("{8BC9CEB8-8B4A-11D0-8D11-00A0C91BC942}") = "005_水仙花数", "05\05.vcxproj", "{F0D2B652-0764-4EBB-8858-6A7B3BA6C110}"
EndProject
Project("{2150E333-8FDC-42A3-9474-1A3956D46DE8}") = "day_006", "day_006", "{9801759F-AB5D-4EAE-ACD4-A1D9D4C30B22}"
EndProject
Project("{8BC9CEB8-8B4A-11D0-8D11-00A0C91BC942}") = "01_栈的功能演示", "01_栈的功能演示\01_栈的功能演示.vcxproj", "{7BFEB794-52C0-4AC7-92C2-9F3F8D914EE0}"
EndProject
Project("{8BC9CEB8-8B4A-11D0-8D11-00A0C91BC942}") = "02_野指针的正反例", "02_野指针的正反例\02_野指针的正反例.vcxproj", "{83C32766-CFC5-485B-9712-FB17DE35E3A8}"
EndProject
Project("{8BC9CEB8-8B4A-11D0-8D11-00A0C91BC942}") = "03_用二级指针修改指针的指向", "03_用二级指针修改指针的指向\03_用二级指针修改指针的指向.vcxproj", "{ACB83B39-4AB6-4F29-A8A8-4087FC103BAE}"
EndProject
Project("{2150E333-8FDC-42A3-9474-1A3956D46DE8}") = "day_007", "day_007", "{B5DE6862-B439-47F7-B236-19071C29F30D}"
EndProject
Project("{8BC9CEB8-8B4A-11D0-8D11-00A0C91BC942}") = "01_roll dice", "01_roll dice\01_roll dice.vcxproj", "{3E672B4F-6916-49B2-A5DC-A7110109B023}"
EndProject
Project("{2150E333-8FDC-42A3-9474-1A3956D46DE8}") = "0126_assignment", "0126_assignment", "{235DB852-BEF0-4597-B1A7-B8ADE43C5208}"
EndProject
Project("{8BC9CEB8-8B4A-11D0-8D11-00A0C91BC942}") = "01_C_String_Stdlib_Simulation", "01_\01_.vcxproj", "{2B2335F5-96FF-4A1C-B926-C0F6F86E7095}"
EndProject
Project("{8BC9CEB8-8B4A-11D0-8D11-00A0C91BC942}") = "007_简单的交互程序", "07_简单的交互程序\07_简单的交互程序.vcxproj", "{4B73A085-114F-454D-9F78-39E7FE509B8C}"
EndProject
Project("{8BC9CEB8-8B4A-11D0-8D11-00A0C91BC942}") = "008_分数加法 + 最大公约数化简!!!", "08_分数加法 + 最大公约数化简\08_分数加法 + 最大公约数化简.vcxproj", "{1F0975A0-9F32-410F-8F5D-0F0601180267}"
EndProject
Project("{8BC9CEB8-8B4A-11D0-8D11-00A0C91BC942}") = "009_平年闰年", "09_平年闰年\09_平年闰年.vcxproj", "{0361F2CF-49FF-4D21-8588-88B95B641E22}"
EndProject
Project("{8BC9CEB8-8B4A-11D0-8D11-00A0C91BC942}") = "010_打印下一天的日期", "10_打印下一天的日期\10_打印下一天的日期.vcxproj", "{D65380E6-A1BB-4DBF-B126-2B214340209B}"
EndProject
Project("{2150E333-8FDC-42A3-9474-1A3956D46DE8}") = "day_010", "day_010", "{1D00B748-F139-4AAD-BEFA-14C0262AA4E3}"
EndProject
Project("{8BC9CEB8-8B4A-11D0-8D11-00A0C91BC942}") = "01_学生结构体 + malloc 演示", "01_01\01_01.vcxproj", "{764303D2-357F-4110-A471-C424922D6310}"
EndProject
Project("{8BC9CEB8-8B4A-11D0-8D11-00A0C91BC942}") = "011_计算两个日期之间相隔的天数", "011_计算两个日期之间相隔的天数\011_计算两个日期之间相隔的天数.vcxproj", "{C854EB61-0197-44F8-AAF0-E3D56ECE2E48}"
EndProject
Project("{8BC9CEB8-8B4A-11D0-8D11-00A0C91BC942}") = "012_计算该日期是星期几", "012_计算该日期是星期几\012_计算该日期是星期几.vcxproj", "{5142958D-2ABF-43AB-9AC8-E098002EC3DC}"
EndProject
Project("{2150E333-8FDC-42A3-9474-1A3956D46DE8}") = "day_012", "day_012", "{2701C562-83F3-4595-9C78-2D4A0031B2AC}"
EndProject
Project("{8BC9CEB8-8B4A-11D0-8D11-00A0C91BC942}") = "01_链表的简单实现", "01_链表的简单实现\01_链表的简单实现.vcxproj", "{375A4241-5F22-49E9-B5E3-C7591CDD34F8}"
EndProject
Global
	GlobalSection(SolutionConfigurationPlatforms) = preSolution
		Debug|x64 = Debug|x64
		Debug|x86 = Debug|x86
		Release|x64 = Release|x64
		Release|x86 = Release|x86
	EndGlobalSection
	GlobalSection(ProjectConfigurationPlatforms) = postSolution
		{B88C62B1-D2D5-4F03-95C5-8B51D5A0BF83}.Debug|x64.ActiveCfg = Debug|x64
		{B88C62B1-D2D5-4F03-95C5-8B51D5A0BF83}.Debug|x64.Build.0 = Debug|x64
		{B88C62B1-D2D5-4F03-95C5-8B51D5A0BF83}.Debug|x86.ActiveCfg = Debug|Win32
		{B88C62B1-D2D5-4F03-95C5-8B51D5A0BF83}.Debug|x86.Build.0 = Debug|Win32
		{B88C62B1-D2D5-4F03-95C5-8B51D5A0BF83}.Release|x64.ActiveCfg = Release|x64
		{B88C62B1-D2D5-4F03-95C5-8B51D5A0BF83}.Release|x64.Build.0 = Release|x64
		{B88C62B1-D2D5-4F03-95C5-8B51D5A0BF83}.Release|x86.ActiveCfg = Release|Win32
		{B88C62B1-D2D5-4F03-95C5-8B51D5A0BF83}.Release|x86.Build.0 = Release|Win32
		{951DCB47-91E6-41F2-B8AD-A2A39B78BCC2}.Debug|x64.ActiveCfg = Debug|x64
		{951DCB47-91E6-41F2-B8AD-A2A39B78BCC2}.Debug|x64.Build.0 = Debug|x64
		{951DCB47-91E6-41F2-B8AD-A2A39B78BCC2}.Debug|x86.ActiveCfg = Debug|Win32
		{951DCB47-91E6-41F2-B8AD-A2A39B78BCC2}.Debug|x86.Build.0 = Debug|Win32
		{951DCB47-91E6-41F2-B8AD-A2A39B78BCC2}.Release|x64.ActiveCfg = Release|x64
		{951DCB47-91E6-41F2-B8AD-A2A39B78BCC2}.Release|x64.Build.0 = Release|x64
		{951DCB47-91E6-41F2-B8AD-A2A39B78BCC2}.Release|x86.ActiveCfg = Release|Win32
		{951DCB47-91E6-41F2-B8AD-A2A39B78BCC2}.Release|x86.Build.0 = Release|Win32
		{4398C363-6532-4434-B000-10D3D8DD2FF3}.Debug|x64.ActiveCfg = Debug|x64
		{4398C363-6532-4434-B000-10D3D8DD2FF3}.Debug|x64.Build.0 = Debug|x64
		{4398C363-6532-4434-B000-10D3D8DD2FF3}.Debug|x86.ActiveCfg = Debug|Win32
		{4398C363-6532-4434-B000-10D3D8DD2FF3}.Debug|x86.Build.0 = Debug|Win32
		{4398C363-6532-4434-B000-10D3D8DD2FF3}.Release|x64.ActiveCfg = Release|x64
		{4398C363-6532-4434-B000-10D3D8DD2FF3}.Release|x64.Build.0 = Release|x64
		{4398C363-6532-4434-B000-10D3D8DD2FF3}.Release|x86.ActiveCfg = Release|Win32
		{4398C363-6532-4434-B000-10D3D8DD2FF3}.Release|x86.Build.0 = Release|Win32
		{7F06A666-5C77-4CC5-B7A3-4CAA0DADA921}.Debug|x64.ActiveCfg = Debug|x64
		{7F06A666-5C77-4CC5-B7A3-4CAA0DADA921}.Debug|x64.Build.0 = Debug|x64
		{7F06A666-5C77-4CC5-B7A3-4CAA0DADA921}.Debug|x86.ActiveCfg = Debug|Win32
		{7F06A666-5C77-4CC5-B7A3-4CAA0DADA921}.Debug|x86.Build.0 = Debug|Win32
		{7F06A666-5C77-4CC5-B7A3-4CAA0DADA921}.Release|x64.ActiveCfg = Release|x64
		{7F06A666-5C77-4CC5-B7A3-4CAA0DADA921}.Release|x64.Build.0 = Release|x64
		{7F06A666-5C77-4CC5-B7A3-4CAA0DADA921}.Release|x86.ActiveCfg = Release|Win32
		{7F06A666-5C77-4CC5-B7A3-4CAA0DADA921}.Release|x86.Build.0 = Release|Win32
		{74E55A1B-7D56-4DED-BBFB-BBE19919C42B}.Debug|x64.ActiveCfg = Debug|x64
		{74E55A1B-7D56-4DED-BBFB-BBE19919C42B}.Debug|x64.Build.0 = Debug|x64
		{74E55A1B-7D56-4DED-BBFB-BBE19919C42B}.Debug|x86.ActiveCfg = Debug|Win32
		{74E55A1B-7D56-4DED-BBFB-BBE19919C42B}.Debug|x86.Build.0 = Debug|Win32
		{74E55A1B-7D56-4DED-BBFB-BBE19919C42B}.Release|x64.ActiveCfg = Release|x64
		{74E55A1B-7D56-4DED-BBFB-BBE19919C42B}.Release|x64.Build.0 = Release|x64
		{74E55A1B-7D56-4DED-BBFB-BBE19919C42B}.Release|x86.ActiveCfg = Release|Win32
		{74E55A1B-7D56-4DED-BBFB-BBE19919C42B}.Release|x86.Build.0 = Release|Win32
		{479327AA-8E30-44F4-AA2D-FE822BFE1E69}.Debug|x64.ActiveCfg = Debug|x64
		{479327AA-8E30-44F4-AA2D-FE822BFE1E69}.Debug|x64.Build.0 = Debug|x64
		{479327AA-8E30-44F4-AA2D-FE822BFE1E69}.Debug|x86.ActiveCfg = Debug|Win32
		{479327AA-8E30-44F4-AA2D-FE822BFE1E69}.Debug|x86.Build.0 = Debug|Win32
		{479327AA-8E30-44F4-AA2D-FE822BFE1E69}.Release|x64.ActiveCfg = Release|x64
		{479327AA-8E30-44F4-AA2D-FE822BFE1E69}.Release|x64.Build.0 = Release|x64
		{479327AA-8E30-44F4-AA2D-FE822BFE1E69}.Release|x86.ActiveCfg = Release|Win32
		{479327AA-8E30-44F4-AA2D-FE822BFE1E69}.Release|x86.Build.0 = Release|Win32
		{9027E018-9DAA-40B9-922D-FC872C820213}.Debug|x64.ActiveCfg = Debug|x64
		{9027E018-9DAA-40B9-922D-FC872C820213}.Debug|x64.Build.0 = Debug|x64
		{9027E018-9DAA-40B9-922D-FC872C820213}.Debug|x86.ActiveCfg = Debug|Win32
		{9027E018-9DAA-40B9-922D-FC872C820213}.Debug|x86.Build.0 = Debug|Win32
		{9027E018-9DAA-40B9-922D-FC872C820213}.Release|x64.ActiveCfg = Release|x64
		{9027E018-9DAA-40B9-922D-FC872C820213}.Release|x64.Build.0 = Release|x64
		{9027E018-9DAA-40B9-922D-FC872C820213}.Release|x86.ActiveCfg = Release|Win32
		{9027E018-9DAA-40B9-922D-FC872C820213}.Release|x86.Build.0 = Release|Win32
		{006CB106-D2F0-41D6-ACC8-A7BB7B69B5F5}.Debug|x64.ActiveCfg = Debug|x64
		{006CB106-D2F0-41D6-ACC8-A7BB7B69B5F5}.Debug|x64.Build.0 = Debug|x64
		{006CB106-D2F0-41D6-ACC8-A7BB7B69B5F5}.Debug|x86.ActiveCfg = Debug|Win32
		{006CB106-D2F0-41D6-ACC8-A7BB7B69B5F5}.Debug|x86.Build.0 = Debug|Win32
		{006CB106-D2F0-41D6-ACC8-A7BB7B69B5F5}.Release|x64.ActiveCfg = Release|x64
		{006CB106-D2F0-41D6-ACC8-A7BB7B69B5F5}.Release|x64.Build.0 = Release|x64
		{006CB106-D2F0-41D6-ACC8-A7BB7B69B5F5}.Release|x86.ActiveCfg = Release|Win32
		{006CB106-D2F0-41D6-ACC8-A7BB7B69B5F5}.Release|x86.Build.0 = Release|Win32
		{5667A242-B1EA-4E2B-815E-B62083C772EA}.Debug|x64.ActiveCfg = Debug|x64
		{5667A242-B1EA-4E2B-815E-B62083C772EA}.Debug|x64.Build.0 = Debug|x64
		{5667A242-B1EA-4E2B-815E-B62083C772EA}.Debug|x86.ActiveCfg = Debug|Win32
		{5667A242-B1EA-4E2B-815E-B62083C772EA}.Debug|x86.Build.0 = Debug|Win32
		{5667A242-B1EA-4E2B-815E-B62083C772EA}.Release|x64.ActiveCfg = Release|x64
		{5667A242-B1EA-4E2B-815E-B62083C772EA}.Release|x64.Build.0 = Release|x64
		{5667A242-B1EA-4E2B-815E-B62083C772EA}.Release|x86.ActiveCfg = Release|Win32
		{5667A242-B1EA-4E2B-815E-B62083C772EA}.Release|x86.Build.0 = Release|Win32
		{658DFC31-F055-40B0-8832-DE7ED24AC32B}.Debug|x64.ActiveCfg = Debug|x64
		{658DFC31-F055-40B0-8832-DE7ED24AC32B}.Debug|x64.Build.0 = Debug|x64
		{658DFC31-F055-40B0-8832-DE7ED24AC32B}.Debug|x86.ActiveCfg = Debug|Win32
		{658DFC31-F055-40B0-8832-DE7ED24AC32B}.Debug|x86.Build.0 = Debug|Win32
		{658DFC31-F055-40B0-8832-DE7ED24AC32B}.Release|x64.ActiveCfg = Release|x64
		{658DFC31-F055-40B0-8832-DE7ED24AC32B}.Release|x64.Build.0 = Release|x64
		{658DFC31-F055-40B0-8832-DE7ED24AC32B}.Release|x86.ActiveCfg = Release|Win32
		{658DFC31-F055-40B0-8832-DE7ED24AC32B}.Release|x86.Build.0 = Release|Win32
		{897B2711-CC0B-4C76-8CDC-66F85862BD24}.Debug|x64.ActiveCfg = Debug|x64
		{897B2711-CC0B-4C76-8CDC-66F85862BD24}.Debug|x64.Build.0 = Debug|x64
		{897B2711-CC0B-4C76-8CDC-66F85862BD24}.Debug|x86.ActiveCfg = Debug|Win32
		{897B2711-CC0B-4C76-8CDC-66F85862BD24}.Debug|x86.Build.0 = Debug|Win32
		{897B2711-CC0B-4C76-8CDC-66F85862BD24}.Release|x64.ActiveCfg = Release|x64
		{897B2711-CC0B-4C76-8CDC-66F85862BD24}.Release|x64.Build.0 = Release|x64
		{897B2711-CC0B-4C76-8CDC-66F85862BD24}.Release|x86.ActiveCfg = Release|Win32
		{897B2711-CC0B-4C76-8CDC-66F85862BD24}.Release|x86.Build.0 = Release|Win32
		{D1E1DCD8-C19D-4659-B9D8-F8B03B355E49}.Debug|x64.ActiveCfg = Debug|x64
		{D1E1DCD8-C19D-4659-B9D8-F8B03B355E49}.Debug|x64.Build.0 = Debug|x64
		{D1E1DCD8-C19D-4659-B9D8-F8B03B355E49}.Debug|x86.ActiveCfg = Debug|Win32
		{D1E1DCD8-C19D-4659-B9D8-F8B03B355E49}.Debug|x86.Build.0 = Debug|Win32
		{D1E1DCD8-C19D-4659-B9D8-F8B03B355E49}.Release|x64.ActiveCfg = Release|x64
		{D1E1DCD8-C19D-4659-B9D8-F8B03B355E49}.Release|x64.Build.0 = Release|x64
		{D1E1DCD8-C19D-4659-B9D8-F8B03B355E49}.Release|x86.ActiveCfg = Release|Win32
		{D1E1DCD8-C19D-4659-B9D8-F8B03B355E49}.Release|x86.Build.0 = Release|Win32
		{FF076310-3961-45C0-8678-4B41DE10FCF4}.Debug|x64.ActiveCfg = Debug|x64
		{FF076310-3961-45C0-8678-4B41DE10FCF4}.Debug|x64.Build.0 = Debug|x64
		{FF076310-3961-45C0-8678-4B41DE10FCF4}.Debug|x86.ActiveCfg = Debug|Win32
		{FF076310-3961-45C0-8678-4B41DE10FCF4}.Debug|x86.Build.0 = Debug|Win32
		{FF076310-3961-45C0-8678-4B41DE10FCF4}.Release|x64.ActiveCfg = Release|x64
		{FF076310-3961-45C0-8678-4B41DE10FCF4}.Release|x64.Build.0 = Release|x64
		{FF076310-3961-45C0-8678-4B41DE10FCF4}.Release|x86.ActiveCfg = Release|Win32
		{FF076310-3961-45C0-8678-4B41DE10FCF4}.Release|x86.Build.0 = Release|Win32
		{7B12FA5D-AAA3-495A-BE85-353C7AE31C19}.Debug|x64.ActiveCfg = Debug|x64
		{7B12FA5D-AAA3-495A-BE85-353C7AE31C19}.Debug|x64.Build.0 = Debug|x64
		{7B12FA5D-AAA3-495A-BE85-353C7AE31C19}.Debug|x86.ActiveCfg = Debug|Win32
		{7B12FA5D-AAA3-495A-BE85-353C7AE31C19}.Debug|x86.Build.0 = Debug|Win32
		{7B12FA5D-AAA3-495A-BE85-353C7AE31C19}.Release|x64.ActiveCfg = Release|x64
		{7B12FA5D-AAA3-495A-BE85-353C7AE31C19}.Release|x64.Build.0 = Release|x64
		{7B12FA5D-AAA3-495A-BE85-353C7AE31C19}.Release|x86.ActiveCfg = Release|Win32
		{7B12FA5D-AAA3-495A-BE85-353C7AE31C19}.Release|x86.Build.0 = Release|Win32
		{39B6D541-A578-45D1-BE71-163A6A2B9544}.Debug|x64.ActiveCfg = Debug|x64
		{39B6D541-A578-45D1-BE71-163A6A2B9544}.Debug|x64.Build.0 = Debug|x64
		{39B6D541-A578-45D1-BE71-163A6A2B9544}.Debug|x86.ActiveCfg = Debug|Win32
		{39B6D541-A578-45D1-BE71-163A6A2B9544}.Debug|x86.Build.0 = Debug|Win32
		{39B6D541-A578-45D1-BE71-163A6A2B9544}.Release|x64.ActiveCfg = Release|x64
		{39B6D541-A578-45D1-BE71-163A6A2B9544}.Release|x64.Build.0 = Release|x64
		{39B6D541-A578-45D1-BE71-163A6A2B9544}.Release|x86.ActiveCfg = Release|Win32
		{39B6D541-A578-45D1-BE71-163A6A2B9544}.Release|x86.Build.0 = Release|Win32
		{B427E190-42D8-4FAD-BCD0-B2385528D278}.Debug|x64.ActiveCfg = Debug|x64
		{B427E190-42D8-4FAD-BCD0-B2385528D278}.Debug|x64.Build.0 = Debug|x64
		{B427E190-42D8-4FAD-BCD0-B2385528D278}.Debug|x86.ActiveCfg = Debug|Win32
		{B427E190-42D8-4FAD-BCD0-B2385528D278}.Debug|x86.Build.0 = Debug|Win32
		{B427E190-42D8-4FAD-BCD0-B2385528D278}.Release|x64.ActiveCfg = Release|x64
		{B427E190-42D8-4FAD-BCD0-B2385528D278}.Release|x64.Build.0 = Release|x64
		{B427E190-42D8-4FAD-BCD0-B2385528D278}.Release|x86.ActiveCfg = Release|Win32
		{B427E190-42D8-4FAD-BCD0-B2385528D278}.Release|x86.Build.0 = Release|Win32
		{61922A51-536A-4B84-9F3F-5AD16B9E8BEA}.Debug|x64.ActiveCfg = Debug|x64
		{61922A51-536A-4B84-9F3F-5AD16B9E8BEA}.Debug|x64.Build.0 = Debug|x64
		{61922A51-536A-4B84-9F3F-5AD16B9E8BEA}.Debug|x86.ActiveCfg = Debug|Win32
		{61922A51-536A-4B84-9F3F-5AD16B9E8BEA}.Debug|x86.Build.0 = Debug|Win32
		{61922A51-536A-4B84-9F3F-5AD16B9E8BEA}.Release|x64.ActiveCfg = Release|x64
		{61922A51-536A-4B84-9F3F-5AD16B9E8BEA}.Release|x64.Build.0 = Release|x64
		{61922A51-536A-4B84-9F3F-5AD16B9E8BEA}.Release|x86.ActiveCfg = Release|Win32
		{61922A51-536A-4B84-9F3F-5AD16B9E8BEA}.Release|x86.Build.0 = Release|Win32
		{409E2AAA-5B4B-45B8-99BF-2F6609765098}.Debug|x64.ActiveCfg = Debug|x64
		{409E2AAA-5B4B-45B8-99BF-2F6609765098}.Debug|x64.Build.0 = Debug|x64
		{409E2AAA-5B4B-45B8-99BF-2F6609765098}.Debug|x86.ActiveCfg = Debug|Win32
		{409E2AAA-5B4B-45B8-99BF-2F6609765098}.Debug|x86.Build.0 = Debug|Win32
		{409E2AAA-5B4B-45B8-99BF-2F6609765098}.Release|x64.ActiveCfg = Release|x64
		{409E2AAA-5B4B-45B8-99BF-2F6609765098}.Release|x64.Build.0 = Release|x64
		{409E2AAA-5B4B-45B8-99BF-2F6609765098}.Release|x86.ActiveCfg = Release|Win32
		{409E2AAA-5B4B-45B8-99BF-2F6609765098}.Release|x86.Build.0 = Release|Win32
		{9A074C42-541F-473A-9A91-7E520E4D03BF}.Debug|x64.ActiveCfg = Debug|x64
		{9A074C42-541F-473A-9A91-7E520E4D03BF}.Debug|x64.Build.0 = Debug|x64
		{9A074C42-541F-473A-9A91-7E520E4D03BF}.Debug|x86.ActiveCfg = Debug|Win32
		{9A074C42-541F-473A-9A91-7E520E4D03BF}.Debug|x86.Build.0 = Debug|Win32
		{9A074C42-541F-473A-9A91-7E520E4D03BF}.Release|x64.ActiveCfg = Release|x64
		{9A074C42-541F-473A-9A91-7E520E4D03BF}.Release|x64.Build.0 = Release|x64
		{9A074C42-541F-473A-9A91-7E520E4D03BF}.Release|x86.ActiveCfg = Release|Win32
		{9A074C42-541F-473A-9A91-7E520E4D03BF}.Release|x86.Build.0 = Release|Win32
		{A4534D8C-8F1F-43A8-A5EB-E1B4BDC59D45}.Debug|x64.ActiveCfg = Debug|x64
		{A4534D8C-8F1F-43A8-A5EB-E1B4BDC59D45}.Debug|x64.Build.0 = Debug|x64
		{A4534D8C-8F1F-43A8-A5EB-E1B4BDC59D45}.Debug|x86.ActiveCfg = Debug|Win32
		{A4534D8C-8F1F-43A8-A5EB-E1B4BDC59D45}.Debug|x86.Build.0 = Debug|Win32
		{A4534D8C-8F1F-43A8-A5EB-E1B4BDC59D45}.Release|x64.ActiveCfg = Release|x64
		{A4534D8C-8F1F-43A8-A5EB-E1B4BDC59D45}.Release|x64.Build.0 = Release|x64
		{A4534D8C-8F1F-43A8-A5EB-E1B4BDC59D45}.Release|x86.ActiveCfg = Release|Win32
		{A4534D8C-8F1F-43A8-A5EB-E1B4BDC59D45}.Release|x86.Build.0 = Release|Win32
		{8D071AEE-C390-432F-A879-DDB6FCF44AB3}.Debug|x64.ActiveCfg = Debug|x64
		{8D071AEE-C390-432F-A879-DDB6FCF44AB3}.Debug|x64.Build.0 = Debug|x64
		{8D071AEE-C390-432F-A879-DDB6FCF44AB3}.Debug|x86.ActiveCfg = Debug|Win32
		{8D071AEE-C390-432F-A879-DDB6FCF44AB3}.Debug|x86.Build.0 = Debug|Win32
		{8D071AEE-C390-432F-A879-DDB6FCF44AB3}.Release|x64.ActiveCfg = Release|x64
		{8D071AEE-C390-432F-A879-DDB6FCF44AB3}.Release|x64.Build.0 = Release|x64
		{8D071AEE-C390-432F-A879-DDB6FCF44AB3}.Release|x86.ActiveCfg = Release|Win32
		{8D071AEE-C390-432F-A879-DDB6FCF44AB3}.Release|x86.Build.0 = Release|Win32
		{0168D6FC-6A48-4FBC-BCC1-69F3F2ABC28E}.Debug|x64.ActiveCfg = Debug|x64
		{0168D6FC-6A48-4FBC-BCC1-69F3F2ABC28E}.Debug|x64.Build.0 = Debug|x64
		{0168D6FC-6A48-4FBC-BCC1-69F3F2ABC28E}.Debug|x86.ActiveCfg = Debug|Win32
		{0168D6FC-6A48-4FBC-BCC1-69F3F2ABC28E}.Debug|x86.Build.0 = Debug|Win32
		{0168D6FC-6A48-4FBC-BCC1-69F3F2ABC28E}.Release|x64.ActiveCfg = Release|x64
		{0168D6FC-6A48-4FBC-BCC1-69F3F2ABC28E}.Release|x64.Build.0 = Release|x64
		{0168D6FC-6A48-4FBC-BCC1-69F3F2ABC28E}.Release|x86.ActiveCfg = Release|Win32
		{0168D6FC-6A48-4FBC-BCC1-69F3F2ABC28E}.Release|x86.Build.0 = Release|Win32
		{2B71ABDA-17A3-44EC-8794-E9259EB1FF4C}.Debug|x64.ActiveCfg = Debug|x64
		{2B71ABDA-17A3-44EC-8794-E9259EB1FF4C}.Debug|x64.Build.0 = Debug|x64
		{2B71ABDA-17A3-44EC-8794-E9259EB1FF4C}.Debug|x86.ActiveCfg = Debug|Win32
		{2B71ABDA-17A3-44EC-8794-E9259EB1FF4C}.Debug|x86.Build.0 = Debug|Win32
		{2B71ABDA-17A3-44EC-8794-E9259EB1FF4C}.Release|x64.ActiveCfg = Release|x64
		{2B71ABDA-17A3-44EC-8794-E9259EB1FF4C}.Release|x64.Build.0 = Release|x64
		{2B71ABDA-17A3-44EC-8794-E9259EB1FF4C}.Release|x86.ActiveCfg = Release|Win32
		{2B71ABDA-17A3-44EC-8794-E9259EB1FF4C}.Release|x86.Build.0 = Release|Win32
		{F0D2B652-0764-4EBB-8858-6A7B3BA6C110}.Debug|x64.ActiveCfg = Debug|x64
		{F0D2B652-0764-4EBB-8858-6A7B3BA6C110}.Debug|x64.Build.0 = Debug|x64
		{F0D2B652-0764-4EBB-8858-6A7B3BA6C110}.Debug|x86.ActiveCfg = Debug|Win32
		{F0D2B652-0764-4EBB-8858-6A7B3BA6C110}.Debug|x86.Build.0 = Debug|Win32
		{F0D2B652-0764-4EBB-8858-6A7B3BA6C110}.Release|x64.ActiveCfg = Release|x64
		{F0D2B652-0764-4EBB-8858-6A7B3BA6C110}.Release|x64.Build.0 = Release|x64
		{F0D2B652-0764-4EBB-8858-6A7B3BA6C110}.Release|x86.ActiveCfg = Release|Win32
		{F0D2B652-0764-4EBB-8858-6A7B3BA6C110}.Release|x86.Build.0 = Release|Win32
		{7BFEB794-52C0-4AC7-92C2-9F3F8D914EE0}.Debug|x64.ActiveCfg = Debug|x64
		{7BFEB794-52C0-4AC7-92C2-9F3F8D914EE0}.Debug|x64.Build.0 = Debug|x64
		{7BFEB794-52C0-4AC7-92C2-9F3F8D914EE0}.Debug|x86.ActiveCfg = Debug|Win32
		{7BFEB794-52C0-4AC7-92C2-9F3F8D914EE0}.Debug|x86.Build.0 = Debug|Win32
		{7BFEB794-52C0-4AC7-92C2-9F3F8D914EE0}.Release|x64.ActiveCfg = Release|x64
		{7BFEB794-52C0-4AC7-92C2-9F3F8D914EE0}.Release|x64.Build.0 = Release|x64
		{7BFEB794-52C0-4AC7-92C2-9F3F8D914EE0}.Release|x86.ActiveCfg = Release|Win32
		{7BFEB794-52C0-4AC7-92C2-9F3F8D914EE0}.Release|x86.Build.0 = Release|Win32
		{83C32766-CFC5-485B-9712-FB17DE35E3A8}.Debug|x64.ActiveCfg = Debug|x64
		{83C32766-CFC5-485B-9712-FB17DE35E3A8}.Debug|x64.Build.0 = Debug|x64
		{83C32766-CFC5-485B-9712-FB17DE35E3A8}.Debug|x86.ActiveCfg = Debug|Win32
		{83C32766-CFC5-485B-9712-FB17DE35E3A8}.Debug|x86.Build.0 = Debug|Win32
		{83C32766-CFC5-485B-9712-FB17DE35E3A8}.Release|x64.ActiveCfg = Release|x64
		{83C32766-CFC5-485B-9712-FB17DE35E3A8}.Release|x64.Build.0 = Release|x64
		{83C32766-CFC5-485B-9712-FB17DE35E3A8}.Release|x86.ActiveCfg = Release|Win32
		{83C32766-CFC5-485B-9712-FB17DE35E3A8}.Release|x86.Build.0 = Release|Win32
		{ACB83B39-4AB6-4F29-A8A8-4087FC103BAE}.Debug|x64.ActiveCfg = Debug|x64
		{ACB83B39-4AB6-4F29-A8A8-4087FC103BAE}.Debug|x64.Build.0 = Debug|x64
		{ACB83B39-4AB6-4F29-A8A8-4087FC103BAE}.Debug|x86.ActiveCfg = Debug|Win32
		{ACB83B39-4AB6-4F29-A8A8-4087FC103BAE}.Debug|x86.Build.0 = Debug|Win32
		{ACB83B39-4AB6-4F29-A8A8-4087FC103BAE}.Release|x64.ActiveCfg = Release|x64
		{ACB83B39-4AB6-4F29-A8A8-4087FC103BAE}.Release|x64.Build.0 = Release|x64
		{ACB83B39-4AB6-4F29-A8A8-4087FC103BAE}.Release|x86.ActiveCfg = Release|Win32
		{ACB83B39-4AB6-4F29-A8A8-4087FC103BAE}.Release|x86.Build.0 = Release|Win32
		{3E672B4F-6916-49B2-A5DC-A7110109B023}.Debug|x64.ActiveCfg = Debug|x64
		{3E672B4F-6916-49B2-A5DC-A7110109B023}.Debug|x64.Build.0 = Debug|x64
		{3E672B4F-6916-49B2-A5DC-A7110109B023}.Debug|x86.ActiveCfg = Debug|Win32
		{3E672B4F-6916-49B2-A5DC-A7110109B023}.Debug|x86.Build.0 = Debug|Win32
		{3E672B4F-6916-49B2-A5DC-A7110109B023}.Release|x64.ActiveCfg = Release|x64
		{3E672B4F-6916-49B2-A5DC-A7110109B023}.Release|x64.Build.0 = Release|x64
		{3E672B4F-6916-49B2-A5DC-A7110109B023}.Release|x86.ActiveCfg = Release|Win32
		{3E672B4F-6916-49B2-A5DC-A7110109B023}.Release|x86.Build.0 = Release|Win32
		{2B2335F5-96FF-4A1C-B926-C0F6F86E7095}.Debug|x64.ActiveCfg = Debug|x64
		{2B2335F5-96FF-4A1C-B926-C0F6F86E7095}.Debug|x64.Build.0 = Debug|x64
		{2B2335F5-96FF-4A1C-B926-C0F6F86E7095}.Debug|x86.ActiveCfg = Debug|Win32
		{2B2335F5-96FF-4A1C-B926-C0F6F86E7095}.Debug|x86.Build.0 = Debug|Win32
		{2B2335F5-96FF-4A1C-B926-C0F6F86E7095}.Release|x64.ActiveCfg = Release|x64
		{2B2335F5-96FF-4A1C-B926-C0F6F86E7095}.Release|x64.Build.0 = Release|x64
		{2B2335F5-96FF-4A1C-B926-C0F6F86E7095}.Release|x86.ActiveCfg = Release|Win32
		{2B2335F5-96FF-4A1C-B926-C0F6F86E7095}.Release|x86.Build.0 = Release|Win32
		{4B73A085-114F-454D-9F78-39E7FE509B8C}.Debug|x64.ActiveCfg = Debug|x64
		{4B73A085-114F-454D-9F78-39E7FE509B8C}.Debug|x64.Build.0 = Debug|x64
		{4B73A085-114F-454D-9F78-39E7FE509B8C}.Debug|x86.ActiveCfg = Debug|Win32
		{4B73A085-114F-454D-9F78-39E7FE509B8C}.Debug|x86.Build.0 = Debug|Win32
		{4B73A085-114F-454D-9F78-39E7FE509B8C}.Release|x64.ActiveCfg = Release|x64
		{4B73A085-114F-454D-9F78-39E7FE509B8C}.Release|x64.Build.0 = Release|x64
		{4B73A085-114F-454D-9F78-39E7FE509B8C}.Release|x86.ActiveCfg = Release|Win32
		{4B73A085-114F-454D-9F78-39E7FE509B8C}.Release|x86.Build.0 = Release|Win32
		{1F0975A0-9F32-410F-8F5D-0F0601180267}.Debug|x64.ActiveCfg = Debug|x64
		{1F0975A0-9F32-410F-8F5D-0F0601180267}.Debug|x64.Build.0 = Debug|x64
		{1F0975A0-9F32-410F-8F5D-0F0601180267}.Debug|x86.ActiveCfg = Debug|Win32
		{1F0975A0-9F32-410F-8F5D-0F0601180267}.Debug|x86.Build.0 = Debug|Win32
		{1F0975A0-9F32-410F-8F5D-0F0601180267}.Release|x64.ActiveCfg = Release|x64
		{1F0975A0-9F32-410F-8F5D-0F0601180267}.Release|x64.Build.0 = Release|x64
		{1F0975A0-9F32-410F-8F5D-0F0601180267}.Release|x86.ActiveCfg = Release|Win32
		{1F0975A0-9F32-410F-8F5D-0F0601180267}.Release|x86.Build.0 = Release|Win32
		{0361F2CF-49FF-4D21-8588-88B95B641E22}.Debug|x64.ActiveCfg = Debug|x64
		{0361F2CF-49FF-4D21-8588-88B95B641E22}.Debug|x64.Build.0 = Debug|x64
		{0361F2CF-49FF-4D21-8588-88B95B641E22}.Debug|x86.ActiveCfg = Debug|Win32
		{0361F2CF-49FF-4D21-8588-88B95B641E22}.Debug|x86.Build.0 = Debug|Win32
		{0361F2CF-49FF-4D21-8588-88B95B641E22}.Release|x64.ActiveCfg = Release|x64
		{0361F2CF-49FF-4D21-8588-88B95B641E22}.Release|x64.Build.0 = Release|x64
		{0361F2CF-49FF-4D21-8588-88B95B641E22}.Release|x86.ActiveCfg = Release|Win32
		{0361F2CF-49FF-4D21-8588-88B95B641E22}.Release|x86.Build.0 = Release|Win32
		{D65380E6-A1BB-4DBF-B126-2B214340209B}.Debug|x64.ActiveCfg = Debug|x64
		{D65380E6-A1BB-4DBF-B126-2B214340209B}.Debug|x64.Build.0 = Debug|x64
		{D65380E6-A1BB-4DBF-B126-2B214340209B}.Debug|x86.ActiveCfg = Debug|Win32
		{D65380E6-A1BB-4DBF-B126-2B214340209B}.Debug|x86.Build.0 = Debug|Win32
		{D65380E6-A1BB-4DBF-B126-2B214340209B}.Release|x64.ActiveCfg = Release|x64
		{D65380E6-A1BB-4DBF-B126-2B214340209B}.Release|x64.Build.0 = Release|x64
		{D65380E6-A1BB-4DBF-B126-2B214340209B}.Release|x86.ActiveCfg = Release|Win32
		{D65380E6-A1BB-4DBF-B126-2B214340209B}.Release|x86.Build.0 = Release|Win32
		{764303D2-357F-4110-A471-C424922D6310}.Debug|x64.ActiveCfg = Debug|x64
		{764303D2-357F-4110-A471-C424922D6310}.Debug|x64.Build.0 = Debug|x64
		{764303D2-357F-4110-A471-C424922D6310}.Debug|x86.ActiveCfg = Debug|Win32
		{764303D2-357F-4110-A471-C424922D6310}.Debug|x86.Build.0 = Debug|Win32
		{764303D2-357F-4110-A471-C424922D6310}.Release|x64.ActiveCfg = Release|x64
		{764303D2-357F-4110-A471-C424922D6310}.Release|x64.Build.0 = Release|x64
		{764303D2-357F-4110-A471-C424922D6310}.Release|x86.ActiveCfg = Release|Win32
		{764303D2-357F-4110-A471-C424922D6310}.Release|x86.Build.0 = Release|Win32
		{C854EB61-0197-44F8-AAF0-E3D56ECE2E48}.Debug|x64.ActiveCfg = Debug|x64
		{C854EB61-0197-44F8-AAF0-E3D56ECE2E48}.Debug|x64.Build.0 = Debug|x64
		{C854EB61-0197-44F8-AAF0-E3D56ECE2E48}.Debug|x86.ActiveCfg = Debug|Win32
		{C854EB61-0197-44F8-AAF0-E3D56ECE2E48}.Debug|x86.Build.0 = Debug|Win32
		{C854EB61-0197-44F8-AAF0-E3D56ECE2E48}.Release|x64.ActiveCfg = Release|x64
		{C854EB61-0197-44F8-AAF0-E3D56ECE2E48}.Release|x64.Build.0 = Release|x64
		{C854EB61-0197-44F8-AAF0-E3D56ECE2E48}.Release|x86.ActiveCfg = Release|Win32
		{C854EB61-0197-44F8-AAF0-E3D56ECE2E48}.Release|x86.Build.0 = Release|Win32
		{5142958D-2ABF-43AB-9AC8-E098002EC3DC}.Debug|x64.ActiveCfg = Debug|x64
		{5142958D-2ABF-43AB-9AC8-E098002EC3DC}.Debug|x64.Build.0 = Debug|x64
		{5142958D-2ABF-43AB-9AC8-E098002EC3DC}.Debug|x86.ActiveCfg = Debug|Win32
		{5142958D-2ABF-43AB-9AC8-E098002EC3DC}.Debug|x86.Build.0 = Debug|Win32
		{5142958D-2ABF-43AB-9AC8-E098002EC3DC}.Release|x64.ActiveCfg = Release|x64
		{5142958D-2ABF-43AB-9AC8-E098002EC3DC}.Release|x64.Build.0 = Release|x64
		{5142958D-2ABF-43AB-9AC8-E098002EC3DC}.Release|x86.ActiveCfg = Release|Win32
		{5142958D-2ABF-43AB-9AC8-E098002EC3DC}.Release|x86.Build.0 = Release|Win32
		{375A4241-5F22-49E9-B5E3-C7591CDD34F8}.Debug|x64.ActiveCfg = Debug|x64
		{375A4241-5F22-49E9-B5E3-C7591CDD34F8}.Debug|x64.Build.0 = Debug|x64
		{375A4241-5F22-49E9-B5E3-C7591CDD34F8}.Debug|x86.ActiveCfg = Debug|Win32
		{375A4241-5F22-49E9-B5E3-C7591CDD34F8}.Debug|x86.Build.0 = Debug|Win32
		{375A4241-5F22-49E9-B5E3-C7591CDD34F8}.Release|x64.ActiveCfg = Release|x64
		{375A4241-5F22-49E9-B5E3-C7591CDD34F8}.Release|x64.Build.0 = Release|x64
		{375A4241-5F22-49E9-B5E3-C7591CDD34F8}.Release|x86.ActiveCfg = Release|Win32
		{375A4241-5F22-49E9-B5E3-C7591CDD34F8}.Release|x86.Build.0 = Release|Win32
	EndGlobalSection
	GlobalSection(SolutionProperties) = preSolution
		HideSolutionNode = FALSE
	EndGlobalSection
	GlobalSection(NestedProjects) = preSolution
		{DE1C4D1D-B637-4DA5-9CC6-A7C62BAAA8B6} = {02EA681E-C7D8-13C7-8484-4AC65E1B71E8}
		{4398C363-6532-4434-B000-10D3D8DD2FF3} = {DE1C4D1D-B637-4DA5-9CC6-A7C62BAAA8B6}
		{7F06A666-5C77-4CC5-B7A3-4CAA0DADA921} = {DE1C4D1D-B637-4DA5-9CC6-A7C62BAAA8B6}
		{74E55A1B-7D56-4DED-BBFB-BBE19919C42B} = {DE1C4D1D-B637-4DA5-9CC6-A7C62BAAA8B6}
		{479327AA-8E30-44F4-AA2D-FE822BFE1E69} = {DE1C4D1D-B637-4DA5-9CC6-A7C62BAAA8B6}
		{9027E018-9DAA-40B9-922D-FC872C820213} = {DE1C4D1D-B637-4DA5-9CC6-A7C62BAAA8B6}
		{006CB106-D2F0-41D6-ACC8-A7BB7B69B5F5} = {DE1C4D1D-B637-4DA5-9CC6-A7C62BAAA8B6}
		{5667A242-B1EA-4E2B-815E-B62083C772EA} = {10854BC3-463C-45BF-83AB-A52CE8210EC3}
		{658DFC31-F055-40B0-8832-DE7ED24AC32B} = {DE1C4D1D-B637-4DA5-9CC6-A7C62BAAA8B6}
		{DC66AD50-63DE-45CC-AFE2-612A9B7D0C9B} = {02EA681E-C7D8-13C7-8484-4AC65E1B71E8}
		{897B2711-CC0B-4C76-8CDC-66F85862BD24} = {DE1C4D1D-B637-4DA5-9CC6-A7C62BAAA8B6}
		{10854BC3-463C-45BF-83AB-A52CE8210EC3} = {60152AF3-816D-4BBD-B4E0-3D348F956EDD}
		{D87CA721-877A-4FA0-908E-A06201A6FC9F} = {60152AF3-816D-4BBD-B4E0-3D348F956EDD}
		{D1E1DCD8-C19D-4659-B9D8-F8B03B355E49} = {D87CA721-877A-4FA0-908E-A06201A6FC9F}
		{FF076310-3961-45C0-8678-4B41DE10FCF4} = {D87CA721-877A-4FA0-908E-A06201A6FC9F}
		{7B12FA5D-AAA3-495A-BE85-353C7AE31C19} = {D87CA721-877A-4FA0-908E-A06201A6FC9F}
		{39B6D541-A578-45D1-BE71-163A6A2B9544} = {D87CA721-877A-4FA0-908E-A06201A6FC9F}
		{B427E190-42D8-4FAD-BCD0-B2385528D278} = {D87CA721-877A-4FA0-908E-A06201A6FC9F}
		{61922A51-536A-4B84-9F3F-5AD16B9E8BEA} = {D87CA721-877A-4FA0-908E-A06201A6FC9F}
		{409E2AAA-5B4B-45B8-99BF-2F6609765098} = {D87CA721-877A-4FA0-908E-A06201A6FC9F}
		{9A074C42-541F-473A-9A91-7E520E4D03BF} = {D87CA721-877A-4FA0-908E-A06201A6FC9F}
		{A4534D8C-8F1F-43A8-A5EB-E1B4BDC59D45} = {D87CA721-877A-4FA0-908E-A06201A6FC9F}
		{8D071AEE-C390-432F-A879-DDB6FCF44AB3} = {D87CA721-877A-4FA0-908E-A06201A6FC9F}
		{0168D6FC-6A48-4FBC-BCC1-69F3F2ABC28E} = {D87CA721-877A-4FA0-908E-A06201A6FC9F}
		{708309E2-06CB-437E-9938-71D97DDCD2C3} = {02EA681E-C7D8-13C7-8484-4AC65E1B71E8}
		{2B71ABDA-17A3-44EC-8794-E9259EB1FF4C} = {708309E2-06CB-437E-9938-71D97DDCD2C3}
		{F0D2B652-0764-4EBB-8858-6A7B3BA6C110} = {DE1C4D1D-B637-4DA5-9CC6-A7C62BAAA8B6}
		{9801759F-AB5D-4EAE-ACD4-A1D9D4C30B22} = {60152AF3-816D-4BBD-B4E0-3D348F956EDD}
		{7BFEB794-52C0-4AC7-92C2-9F3F8D914EE0} = {9801759F-AB5D-4EAE-ACD4-A1D9D4C30B22}
		{83C32766-CFC5-485B-9712-FB17DE35E3A8} = {9801759F-AB5D-4EAE-ACD4-A1D9D4C30B22}
		{ACB83B39-4AB6-4F29-A8A8-4087FC103BAE} = {9801759F-AB5D-4EAE-ACD4-A1D9D4C30B22}
		{B5DE6862-B439-47F7-B236-19071C29F30D} = {60152AF3-816D-4BBD-B4E0-3D348F956EDD}
		{3E672B4F-6916-49B2-A5DC-A7110109B023} = {B5DE6862-B439-47F7-B236-19071C29F30D}
		{235DB852-BEF0-4597-B1A7-B8ADE43C5208} = {02EA681E-C7D8-13C7-8484-4AC65E1B71E8}
		{2B2335F5-96FF-4A1C-B926-C0F6F86E7095} = {235DB852-BEF0-4597-B1A7-B8ADE43C5208}
		{4B73A085-114F-454D-9F78-39E7FE509B8C} = {DE1C4D1D-B637-4DA5-9CC6-A7C62BAAA8B6}
		{1F0975A0-9F32-410F-8F5D-0F0601180267} = {DE1C4D1D-B637-4DA5-9CC6-A7C62BAAA8B6}
		{0361F2CF-49FF-4D21-8588-88B95B641E22} = {DE1C4D1D-B637-4DA5-9CC6-A7C62BAAA8B6}
		{D65380E6-A1BB-4DBF-B126-2B214340209B} = {DE1C4D1D-B637-4DA5-9CC6-A7C62BAAA8B6}
		{1D00B748-F139-4AAD-BEFA-14C0262AA4E3} = {60152AF3-816D-4BBD-B4E0-3D348F956EDD}
		{764303D2-357F-4110-A471-C424922D6310} = {1D00B748-F139-4AAD-BEFA-14C0262AA4E3}
		{C854EB61-0197-44F8-AAF0-E3D56ECE2E48} = {DE1C4D1D-B637-4DA5-9CC6-A7C62BAAA8B6}
		{5142958D-2ABF-43AB-9AC8-E098002EC3DC} = {DE1C4D1D-B637-4DA5-9CC6-A7C62BAAA8B6}
		{2701C562-83F3-4595-9C78-2D4A0031B2AC} = {60152AF3-816D-4BBD-B4E0-3D348F956EDD}
		{375A4241-5F22-49E9-B5E3-C7591CDD34F8} = {2701C562-83F3-4595-9C78-2D4A0031B2AC}
	EndGlobalSection
	GlobalSection(ExtensibilityGlobals) = postSolution
		SolutionGuid = {92C25148-235D-447E-AD83-F1819F4D16FB}
	EndGlobalSection
EndGlobal
